
Microsoft Visual Studio Solution File, Format Version 12.00
# Visual Studio Version 16
VisualStudioVersion = 16.0.30907.101
MinimumVisualStudioVersion = 10.0.40219.1
Project("{9A19103F-16F7-4668-BE54-9A1E7A4F7556}") = "KampIntro", "KampIntro\KampIntro.csproj", "{7D37C557-FAA6-4942-877E-C102A901121B}"
EndProject
Project("{9A19103F-16F7-4668-BE54-9A1E7A4F7556}") = "Donguler", "Donguler\Donguler.csproj", "{5CB507BB-B2A2-4EBD-9EE4-E17710B170D8}"
EndProject
Project("{9A19103F-16F7-4668-BE54-9A1E7A4F7556}") = "ClassIntro", "ClassIntro\ClassIntro.csproj", "{D801AE61-7B29-4427-BE90-44D13B34125F}"
EndProject
Project("{9A19103F-16F7-4668-BE54-9A1E7A4F7556}") = "Metotlar", "Metotlar\Metotlar.csproj", "{F4601810-CFFE-4831-AC28-9A9FB796D2CD}"
EndProject
Project("{9A19103F-16F7-4668-BE54-9A1E7A4F7556}") = "Matematik", "Matematik\Matematik.csproj", "{E99AACFC-71CE-4E29-AC98-C0F3970DC66B}"
EndProject
Project("{9A19103F-16F7-4668-BE54-9A1E7A4F7556}") = "DegerVeReferansTipler", "DegerVeReferansTipler\DegerVeReferansTipler.csproj", "{64A89FCC-7512-453A-AEFD-FDE04E4C2082}"
EndProject
Project("{9A19103F-16F7-4668-BE54-9A1E7A4F7556}") = "OOP1", "OOP1\OOP1.csproj", "{13A345B1-0332-455B-95B2-4E40E94761C1}"
EndProject
Project("{9A19103F-16F7-4668-BE54-9A1E7A4F7556}") = "Koleksiyonlar", "Koleksiyonlar\Koleksiyonlar.csproj", "{16E32BF7-3C0A-45DE-9A15-DE18C12E5C08}"
EndProject
Project("{9A19103F-16F7-4668-BE54-9A1E7A4F7556}") = "GenericIntro", "GenericIntro\GenericIntro.csproj", "{8689E07C-C383-41B7-A3F6-F940B185F05B}"
EndProject
Project("{9A19103F-16F7-4668-BE54-9A1E7A4F7556}") = "MyDictionary", "MyDictionary\MyDictionary.csproj", "{50109A8C-37B7-4EE0-AC10-B7E644E75DDC}"
EndProject
Project("{FAE04EC0-301F-11D3-BF4B-00C04F79EFBC}") = "OOP2", "OOP2\OOP2.csproj", "{C2BE4437-C7B5-46FB-82EF-ECD70F755A30}"
EndProject
Project("{FAE04EC0-301F-11D3-BF4B-00C04F79EFBC}") = "OOP3", "OOP3\OOP3.csproj", "{A3F31BE3-83D4-4C0B-90AA-B997B4C99C63}"
EndProject
Global
	GlobalSection(SolutionConfigurationPlatforms) = preSolution
		Debug|Any CPU = Debug|Any CPU
		Release|Any CPU = Release|Any CPU
	EndGlobalSection
	GlobalSection(ProjectConfigurationPlatforms) = postSolution
		{7D37C557-FAA6-4942-877E-C102A901121B}.Debug|Any CPU.ActiveCfg = Debug|Any CPU
		{7D37C557-FAA6-4942-877E-C102A901121B}.Debug|Any CPU.Build.0 = Debug|Any CPU
		{7D37C557-FAA6-4942-877E-C102A901121B}.Release|Any CPU.ActiveCfg = Release|Any CPU
		{7D37C557-FAA6-4942-877E-C102A901121B}.Release|Any CPU.Build.0 = Release|Any CPU
		{5CB507BB-B2A2-4EBD-9EE4-E17710B170D8}.Debug|Any CPU.ActiveCfg = Debug|Any CPU
		{5CB507BB-B2A2-4EBD-9EE4-E17710B170D8}.Debug|Any CPU.Build.0 = Debug|Any CPU
		{5CB507BB-B2A2-4EBD-9EE4-E17710B170D8}.Release|Any CPU.ActiveCfg = Release|Any CPU
		{5CB507BB-B2A2-4EBD-9EE4-E17710B170D8}.Release|Any CPU.Build.0 = Release|Any CPU
		{D801AE61-7B29-4427-BE90-44D13B34125F}.Debug|Any CPU.ActiveCfg = Debug|Any CPU
		{D801AE61-7B29-4427-BE90-44D13B34125F}.Debug|Any CPU.Build.0 = Debug|Any CPU
		{D801AE61-7B29-4427-BE90-44D13B34125F}.Release|Any CPU.ActiveCfg = Release|Any CPU
		{D801AE61-7B29-4427-BE90-44D13B34125F}.Release|Any CPU.Build.0 = Release|Any CPU
		{F4601810-CFFE-4831-AC28-9A9FB796D2CD}.Debug|Any CPU.ActiveCfg = Debug|Any CPU
		{F4601810-CFFE-4831-AC28-9A9FB796D2CD}.Debug|Any CPU.Build.0 = Debug|Any CPU
		{F4601810-CFFE-4831-AC28-9A9FB796D2CD}.Release|Any CPU.ActiveCfg = Release|Any CPU
		{F4601810-CFFE-4831-AC28-9A9FB796D2CD}.Release|Any CPU.Build.0 = Release|Any CPU
		{E99AACFC-71CE-4E29-AC98-C0F3970DC66B}.Debug|Any CPU.ActiveCfg = Debug|Any CPU
		{E99AACFC-71CE-4E29-AC98-C0F3970DC66B}.Debug|Any CPU.Build.0 = Debug|Any CPU
		{E99AACFC-71CE-4E29-AC98-C0F3970DC66B}.Release|Any CPU.ActiveCfg = Release|Any CPU
		{E99AACFC-71CE-4E29-AC98-C0F3970DC66B}.Release|Any CPU.Build.0 = Release|Any CPU
		{64A89FCC-7512-453A-AEFD-FDE04E4C2082}.Debug|Any CPU.ActiveCfg = Debug|Any CPU
		{64A89FCC-7512-453A-AEFD-FDE04E4C2082}.Debug|Any CPU.Build.0 = Debug|Any CPU
		{64A89FCC-7512-453A-AEFD-FDE04E4C2082}.Release|Any CPU.ActiveCfg = Release|Any CPU
		{64A89FCC-7512-453A-AEFD-FDE04E4C2082}.Release|Any CPU.Build.0 = Release|Any CPU
		{13A345B1-0332-455B-95B2-4E40E94761C1}.Debug|Any CPU.ActiveCfg = Debug|Any CPU
		{13A345B1-0332-455B-95B2-4E40E94761C1}.Debug|Any CPU.Build.0 = Debug|Any CPU
		{13A345B1-0332-455B-95B2-4E40E94761C1}.Release|Any CPU.ActiveCfg = Release|Any CPU
		{13A345B1-0332-455B-95B2-4E40E94761C1}.Release|Any CPU.Build.0 = Release|Any CPU
		{16E32BF7-3C0A-45DE-9A15-DE18C12E5C08}.Debug|Any CPU.ActiveCfg = Debug|Any CPU
		{16E32BF7-3C0A-45DE-9A15-DE18C12E5C08}.Debug|Any CPU.Build.0 = Debug|Any CPU
		{16E32BF7-3C0A-45DE-9A15-DE18C12E5C08}.Release|Any CPU.ActiveCfg = Release|Any CPU
		{16E32BF7-3C0A-45DE-9A15-DE18C12E5C08}.Release|Any CPU.Build.0 = Release|Any CPU
		{8689E07C-C383-41B7-A3F6-F940B185F05B}.Debug|Any CPU.ActiveCfg = Debug|Any CPU
		{8689E07C-C383-41B7-A3F6-F940B185F05B}.Debug|Any CPU.Build.0 = Debug|Any CPU
		{8689E07C-C383-41B7-A3F6-F940B185F05B}.Release|Any CPU.ActiveCfg = Release|Any CPU
		{8689E07C-C383-41B7-A3F6-F940B185F05B}.Release|Any CPU.Build.0 = Release|Any CPU
		{50109A8C-37B7-4EE0-AC10-B7E644E75DDC}.Debug|Any CPU.ActiveCfg = Debug|Any CPU
		{50109A8C-37B7-4EE0-AC10-B7E644E75DDC}.Debug|Any CPU.Build.0 = Debug|Any CPU
		{50109A8C-37B7-4EE0-AC10-B7E644E75DDC}.Release|Any CPU.ActiveCfg = Release|Any CPU
		{50109A8C-37B7-4EE0-AC10-B7E644E75DDC}.Release|Any CPU.Build.0 = Release|Any CPU
		{C2BE4437-C7B5-46FB-82EF-ECD70F755A30}.Debug|Any CPU.ActiveCfg = Debug|Any CPU
		{C2BE4437-C7B5-46FB-82EF-ECD70F755A30}.Debug|Any CPU.Build.0 = Debug|Any CPU
		{C2BE4437-C7B5-46FB-82EF-ECD70F755A30}.Release|Any CPU.ActiveCfg = Release|Any CPU
		{C2BE4437-C7B5-46FB-82EF-ECD70F755A30}.Release|Any CPU.Build.0 = Release|Any CPU
		{A3F31BE3-83D4-4C0B-90AA-B997B4C99C63}.Debug|Any CPU.ActiveCfg = Debug|Any CPU
		{A3F31BE3-83D4-4C0B-90AA-B997B4C99C63}.Debug|Any CPU.Build.0 = Debug|Any CPU
		{A3F31BE3-83D4-4C0B-90AA-B997B4C99C63}.Release|Any CPU.ActiveCfg = Release|Any CPU
		{A3F31BE3-83D4-4C0B-90AA-B997B4C99C63}.Release|Any CPU.Build.0 = Release|Any CPU
	EndGlobalSection
	GlobalSection(SolutionProperties) = preSolution
		HideSolutionNode = FALSE
	EndGlobalSection
	GlobalSection(ExtensibilityGlobals) = postSolution
		SolutionGuid = {519D2564-86EF-4EE9-8DE7-B434633E5F38}
	EndGlobalSection
EndGlobal
